
Microsoft Visual Studio Solution File, Format Version 12.00
# Visual Studio Version 17
VisualStudioVersion = 17.3.32811.315
MinimumVisualStudioVersion = 10.0.40219.1
Project("{2150E333-8FDC-42A3-9474-1A3956D46DE8}") = "dbg", "dbg", "{9C68B44B-5244-4212-9979-B61C9DF10970}"
EndProject
Project("{2150E333-8FDC-42A3-9474-1A3956D46DE8}") = "doc", "doc", "{B30CA09E-7EBC-4451-823B-6B9E33F40D2E}"
EndProject
Project("{2150E333-8FDC-42A3-9474-1A3956D46DE8}") = "src", "src", "{E6C99DAE-8A46-4A33-ACB8-EF83457A2DC4}"
EndProject
Project("{FAE04EC0-301F-11D3-BF4B-00C04F79EFBC}") = "models", "src\models\Models.csproj", "{4A11C130-F2C4-466E-A71B-FBCC68A40BD0}"
EndProject

Global
	GlobalSection(SolutionConfigurationPlatforms) = preSolution
		Debug|Any CPU = Debug|Any CPU
		Release|Any CPU = Release|Any CPU
	EndGlobalSection
	GlobalSection(ProjectConfigurationPlatforms) = postSolution
		{8D727140-452B-4386-8F76-885E2BB0C449}.Debug|Any CPU.ActiveCfg = Debug|Any CPU
		{8D727140-452B-4386-8F76-885E2BB0C449}.Debug|Any CPU.Build.0 = Debug|Any CPU
		{8D727140-452B-4386-8F76-885E2BB0C449}.Release|Any CPU.ActiveCfg = Release|Any CPU
		{8D727140-452B-4386-8F76-885E2BB0C449}.Release|Any CPU.Build.0 = Release|Any CPU
		{61C874FA-C5C0-4DFE-952E-AF826DD7F1AB}.Debug|Any CPU.ActiveCfg = Debug|Any CPU
		{61C874FA-C5C0-4DFE-952E-AF826DD7F1AB}.Debug|Any CPU.Build.0 = Debug|Any CPU
		{61C874FA-C5C0-4DFE-952E-AF826DD7F1AB}.Release|Any CPU.ActiveCfg = Release|Any CPU
		{61C874FA-C5C0-4DFE-952E-AF826DD7F1AB}.Release|Any CPU.Build.0 = Release|Any CPU
		{4E7AA2B8-5F7A-4B1E-A516-F748AF8DDDC1}.Debug|Any CPU.ActiveCfg = Debug|Any CPU
		{4E7AA2B8-5F7A-4B1E-A516-F748AF8DDDC1}.Debug|Any CPU.Build.0 = Debug|Any CPU
		{4E7AA2B8-5F7A-4B1E-A516-F748AF8DDDC1}.Release|Any CPU.ActiveCfg = Release|Any CPU
		{4E7AA2B8-5F7A-4B1E-A516-F748AF8DDDC1}.Release|Any CPU.Build.0 = Release|Any CPU
		{4A11C130-F2C4-466E-A71B-FBCC68A40BD0}.Debug|Any CPU.ActiveCfg = Debug|Any CPU
		{4A11C130-F2C4-466E-A71B-FBCC68A40BD0}.Debug|Any CPU.Build.0 = Debug|Any CPU
		{4A11C130-F2C4-466E-A71B-FBCC68A40BD0}.Release|Any CPU.ActiveCfg = Release|Any CPU
		{4A11C130-F2C4-466E-A71B-FBCC68A40BD0}.Release|Any CPU.Build.0 = Release|Any CPU
		{BFD6C865-44F0-42D0-A10A-9F92AAE4F2F5}.Debug|Any CPU.ActiveCfg = Debug|Any CPU
		{BFD6C865-44F0-42D0-A10A-9F92AAE4F2F5}.Debug|Any CPU.Build.0 = Debug|Any CPU
		{BFD6C865-44F0-42D0-A10A-9F92AAE4F2F5}.Release|Any CPU.ActiveCfg = Release|Any CPU
		{BFD6C865-44F0-42D0-A10A-9F92AAE4F2F5}.Release|Any CPU.Build.0 = Release|Any CPU
		{AA8DCFBF-8A51-4C0C-84FF-92B6F3178587}.Debug|Any CPU.ActiveCfg = Debug|Any CPU
		{AA8DCFBF-8A51-4C0C-84FF-92B6F3178587}.Debug|Any CPU.Build.0 = Debug|Any CPU
		{AA8DCFBF-8A51-4C0C-84FF-92B6F3178587}.Release|Any CPU.ActiveCfg = Release|Any CPU
		{AA8DCFBF-8A51-4C0C-84FF-92B6F3178587}.Release|Any CPU.Build.0 = Release|Any CPU
	EndGlobalSection
	GlobalSection(SolutionProperties) = preSolution
		HideSolutionNode = FALSE
	EndGlobalSection
	GlobalSection(NestedProjects) = preSolution
		{4A11C130-F2C4-466E-A71B-FBCC68A40BD0} = {E6C99DAE-8A46-4A33-ACB8-EF83457A2DC4}
	EndGlobalSection
	GlobalSection(ExtensibilityGlobals) = postSolution
		SolutionGuid = {1BA7293B-43D2-44BE-9BAD-CC6FFA347B95}
	EndGlobalSection
EndGlobal
